
Microsoft Visual Studio Solution File, Format Version 12.00
# Visual Studio Version 17
VisualStudioVersion = 17.0.31717.71
MinimumVisualStudioVersion = 10.0.40219.1
Project("{9A19103F-16F7-4668-BE54-9A1E7A4F7556}") = "LD49", "LD49\LD49.csproj", "{3983DD01-2982-4E27-BC8D-ADDE471A00EE}"
EndProject
Project("{9A19103F-16F7-4668-BE54-9A1E7A4F7556}") = "LD49.ContentTool", "LD49.ContentTool\LD49.ContentTool.csproj", "{AD12A6E1-A5A5-4D45-A67A-9F85D3C5B8CB}"
EndProject
Global
	GlobalSection(SolutionConfigurationPlatforms) = preSolution
		Debug|Any CPU = Debug|Any CPU
		Release|Any CPU = Release|Any CPU
	EndGlobalSection
	GlobalSection(ProjectConfigurationPlatforms) = postSolution
		{3983DD01-2982-4E27-BC8D-ADDE471A00EE}.Debug|Any CPU.ActiveCfg = Debug|Any CPU
		{3983DD01-2982-4E27-BC8D-ADDE471A00EE}.Debug|Any CPU.Build.0 = Debug|Any CPU
		{3983DD01-2982-4E27-BC8D-ADDE471A00EE}.Release|Any CPU.ActiveCfg = Release|Any CPU
		{3983DD01-2982-4E27-BC8D-ADDE471A00EE}.Release|Any CPU.Build.0 = Release|Any CPU
		{AD12A6E1-A5A5-4D45-A67A-9F85D3C5B8CB}.Debug|Any CPU.ActiveCfg = Debug|Any CPU
		{AD12A6E1-A5A5-4D45-A67A-9F85D3C5B8CB}.Debug|Any CPU.Build.0 = Debug|Any CPU
		{AD12A6E1-A5A5-4D45-A67A-9F85D3C5B8CB}.Release|Any CPU.ActiveCfg = Release|Any CPU
		{AD12A6E1-A5A5-4D45-A67A-9F85D3C5B8CB}.Release|Any CPU.Build.0 = Release|Any CPU
	EndGlobalSection
	GlobalSection(SolutionProperties) = preSolution
		HideSolutionNode = FALSE
	EndGlobalSection
	GlobalSection(ExtensibilityGlobals) = postSolution
		SolutionGuid = {8114E963-5512-4782-805D-5AB761D8B66D}
	EndGlobalSection
EndGlobal
